// !$*UTF8*$!
{
	archiveVersion = 1;
	classes = {
	};
	objectVersion = 50;
	objects = {

/* Begin PBXBuildFile section */
		EDBAB70322E0702300FE9EDF /* AppDelegate.swift in Sources */ = {isa = PBXBuildFile; fileRef = EDBAB70222E0702300FE9EDF /* AppDelegate.swift */; };
		EDBAB70522E0702300FE9EDF /* art.scnassets in Resources */ = {isa = PBXBuildFile; fileRef = EDBAB70422E0702300FE9EDF /* art.scnassets */; };
		EDBAB70722E0702300FE9EDF /* ViewController.swift in Sources */ = {isa = PBXBuildFile; fileRef = EDBAB70622E0702300FE9EDF /* ViewController.swift */; };
		EDBAB70A22E0702300FE9EDF /* Main.storyboard in Resources */ = {isa = PBXBuildFile; fileRef = EDBAB70822E0702300FE9EDF /* Main.storyboard */; };
		EDBAB70C22E0702500FE9EDF /* Assets.xcassets in Resources */ = {isa = PBXBuildFile; fileRef = EDBAB70B22E0702500FE9EDF /* Assets.xcassets */; };
		EDBAB70F22E0702500FE9EDF /* LaunchScreen.storyboard in Resources */ = {isa = PBXBuildFile; fileRef = EDBAB70D22E0702500FE9EDF /* LaunchScreen.storyboard */; };
/* End PBXBuildFile section */

/* Begin PBXFileReference section */
		EDBAB6FF22E0702300FE9EDF /* SolarSystem (without code).app */ = {isa = PBXFileReference; explicitFileType = wrapper.application; includeInIndex = 0; path = "SolarSystem (without code).app"; sourceTree = BUILT_PRODUCTS_DIR; };
		EDBAB70222E0702300FE9EDF /* AppDelegate.swift */ = {isa = PBXFileReference; lastKnownFileType = sourcecode.swift; path = AppDelegate.swift; sourceTree = "<group>"; };
		EDBAB70422E0702300FE9EDF /* art.scnassets */ = {isa = PBXFileReference; lastKnownFileType = wrapper.scnassets; path = art.scnassets; sourceTree = "<group>"; };
		EDBAB70622E0702300FE9EDF /* ViewController.swift */ = {isa = PBXFileReference; lastKnownFileType = sourcecode.swift; path = ViewController.swift; sourceTree = "<group>"; };
		EDBAB70922E0702300FE9EDF /* Base */ = {isa = PBXFileReference; lastKnownFileType = file.storyboard; name = Base; path = Base.lproj/Main.storyboard; sourceTree = "<group>"; };
		EDBAB70B22E0702500FE9EDF /* Assets.xcassets */ = {isa = PBXFileReference; lastKnownFileType = folder.assetcatalog; path = Assets.xcassets; sourceTree = "<group>"; };
		EDBAB70E22E0702500FE9EDF /* Base */ = {isa = PBXFileReference; lastKnownFileType = file.storyboard; name = Base; path = Base.lproj/LaunchScreen.storyboard; sourceTree = "<group>"; };
		EDBAB71022E0702500FE9EDF /* Info.plist */ = {isa = PBXFileReference; lastKnownFileType = text.plist.xml; path = Info.plist; sourceTree = "<group>"; };
/* End PBXFileReference section */

/* Begin PBXFrameworksBuildPhase section */
		EDBAB6FC22E0702200FE9EDF /* Frameworks */ = {
			isa = PBXFrameworksBuildPhase;
			buildActionMask = 2147483647;
			files = (
			);
			runOnlyForDeploymentPostprocessing = 0;
		};
/* End PBXFrameworksBuildPhase section */

/* Begin PBXGroup section */
		EDBAB6F622E0702200FE9EDF = {
			isa = PBXGroup;
			children = (
				EDBAB70122E0702300FE9EDF /* SolarSystem (without code) */,
				EDBAB70022E0702300FE9EDF /* Products */,
			);
			sourceTree = "<group>";
		};
		EDBAB70022E0702300FE9EDF /* Products */ = {
			isa = PBXGroup;
			children = (
				EDBAB6FF22E0702300FE9EDF /* SolarSystem (without code).app */,
			);
			name = Products;
			sourceTree = "<group>";
		};
		EDBAB70122E0702300FE9EDF /* SolarSystem (without code) */ = {
			isa = PBXGroup;
			children = (
				EDBAB70222E0702300FE9EDF /* AppDelegate.swift */,
				EDBAB70422E0702300FE9EDF /* art.scnassets */,
				EDBAB70622E0702300FE9EDF /* ViewController.swift */,
				EDBAB70822E0702300FE9EDF /* Main.storyboard */,
				EDBAB70B22E0702500FE9EDF /* Assets.xcassets */,
				EDBAB70D22E0702500FE9EDF /* LaunchScreen.storyboard */,
				EDBAB71022E0702500FE9EDF /* Info.plist */,
			);
			path = "SolarSystem (without code)";
			sourceTree = "<group>";
		};
/* End PBXGroup section */

/* Begin PBXNativeTarget section */
		EDBAB6FE22E0702200FE9EDF /* SolarSystem (without code) */ = {
			isa = PBXNativeTarget;
			buildConfigurationList = EDBAB71322E0702500FE9EDF /* Build configuration list for PBXNativeTarget "SolarSystem (without code)" */;
			buildPhases = (
				EDBAB6FB22E0702200FE9EDF /* Sources */,
				EDBAB6FC22E0702200FE9EDF /* Frameworks */,
				EDBAB6FD22E0702200FE9EDF /* Resources */,
			);
			buildRules = (
			);
			dependencies = (
			);
			name = "SolarSystem (without code)";
			productName = "SolarSystem (without code)";
			productReference = EDBAB6FF22E0702300FE9EDF /* SolarSystem (without code).app */;
			productType = "com.apple.product-type.application";
		};
/* End PBXNativeTarget section */

/* Begin PBXProject section */
		EDBAB6F722E0702200FE9EDF /* Project object */ = {
			isa = PBXProject;
			attributes = {
				LastSwiftUpdateCheck = 1010;
				LastUpgradeCheck = 1010;
				ORGANIZATIONNAME = Westcostyle;
				TargetAttributes = {
					EDBAB6FE22E0702200FE9EDF = {
						CreatedOnToolsVersion = 10.1;
					};
				};
			};
			buildConfigurationList = EDBAB6FA22E0702200FE9EDF /* Build configuration list for PBXProject "SolarSystem (without code)" */;
			compatibilityVersion = "Xcode 9.3";
			developmentRegion = en;
			hasScannedForEncodings = 0;
			knownRegions = (
				en,
				Base,
			);
			mainGroup = EDBAB6F622E0702200FE9EDF;
			productRefGroup = EDBAB70022E0702300FE9EDF /* Products */;
			projectDirPath = "";
			projectRoot = "";
			targets = (
				EDBAB6FE22E0702200FE9EDF /* SolarSystem (without code) */,
			);
		};
/* End PBXProject section */

/* Begin PBXResourcesBuildPhase section */
		EDBAB6FD22E0702200FE9EDF /* Resources */ = {
			isa = PBXResourcesBuildPhase;
			buildActionMask = 2147483647;
			files = (
				EDBAB70522E0702300FE9EDF /* art.scnassets in Resources */,
				EDBAB70F22E0702500FE9EDF /* LaunchScreen.storyboard in Resources */,
				EDBAB70C22E0702500FE9EDF /* Assets.xcassets in Resources */,
				EDBAB70A22E0702300FE9EDF /* Main.storyboard in Resources */,
			);
			runOnlyForDeploymentPostprocessing = 0;
		};
/* End PBXResourcesBuildPhase section */

/* Begin PBXSourcesBuildPhase section */
		EDBAB6FB22E0702200FE9EDF /* Sources */ = {
			isa = PBXSourcesBuildPhase;
			buildActionMask = 2147483647;
			files = (
				EDBAB70722E0702300FE9EDF /* ViewController.swift in Sources */,
				EDBAB70322E0702300FE9EDF /* AppDelegate.swift in Sources */,
			);
			runOnlyForDeploymentPostprocessing = 0;
		};
/* End PBXSourcesBuildPhase section */

/* Begin PBXVariantGroup section */
		EDBAB70822E0702300FE9EDF /* Main.storyboard */ = {
			isa = PBXVariantGroup;
			children = (
				EDBAB70922E0702300FE9EDF /* Base */,
			);
			name = Main.storyboard;
			sourceTree = "<group>";
		};
		EDBAB70D22E0702500FE9EDF /* LaunchScreen.storyboard */ = {
			isa = PBXVariantGroup;
			children = (
				EDBAB70E22E0702500FE9EDF /* Base */,
			);
			name = LaunchScreen.storyboard;
			sourceTree = "<group>";
		};
/* End PBXVariantGroup section */

/* Begin XCBuildConfiguration section */
		EDBAB71122E0702500FE9EDF /* Debug */ = {
			isa = XCBuildConfiguration;
			buildSettings = {
				ALWAYS_SEARCH_USER_PATHS = NO;
				CLANG_ANALYZER_NONNULL = YES;
				CLANG_ANALYZER_NUMBER_OBJECT_CONVERSION = YES_AGGRESSIVE;
				CLANG_CXX_LANGUAGE_STANDARD = "gnu++14";
				CLANG_CXX_LIBRARY = "libc++";
				CLANG_ENABLE_MODULES = YES;
				CLANG_ENABLE_OBJC_ARC = YES;
				CLANG_ENABLE_OBJC_WEAK = YES;
				CLANG_WARN_BLOCK_CAPTURE_AUTORELEASING = YES;
				CLANG_WARN_BOOL_CONVERSION = YES;
				CLANG_WARN_COMMA = YES;
				CLANG_WARN_CONSTANT_CONVERSION = YES;
				CLANG_WARN_DEPRECATED_OBJC_IMPLEMENTATIONS = YES;
				CLANG_WARN_DIRECT_OBJC_ISA_USAGE = YES_ERROR;
				CLANG_WARN_DOCUMENTATION_COMMENTS = YES;
				CLANG_WARN_EMPTY_BODY = YES;
				CLANG_WARN_ENUM_CONVERSION = YES;
				CLANG_WARN_INFINITE_RECURSION = YES;
				CLANG_WARN_INT_CONVERSION = YES;
				CLANG_WARN_NON_LITERAL_NULL_CONVERSION = YES;
				CLANG_WARN_OBJC_IMPLICIT_RETAIN_SELF = YES;
				CLANG_WARN_OBJC_LITERAL_CONVERSION = YES;
				CLANG_WARN_OBJC_ROOT_CLASS = YES_ERROR;
				CLANG_WARN_RANGE_LOOP_ANALYSIS = YES;
				CLANG_WARN_STRICT_PROTOTYPES = YES;
				CLANG_WARN_SUSPICIOUS_MOVE = YES;
				CLANG_WARN_UNGUARDED_AVAILABILITY = YES_AGGRESSIVE;
				CLANG_WARN_UNREACHABLE_CODE = YES;
				CLANG_WARN__DUPLICATE_METHOD_MATCH = YES;
				CODE_SIGN_IDENTITY = "iPhone Developer";
				COPY_PHASE_STRIP = NO;
				DEBUG_INFORMATION_FORMAT = dwarf;
				ENABLE_STRICT_OBJC_MSGSEND = YES;
				ENABLE_TESTABILITY = YES;
				GCC_C_LANGUAGE_STANDARD = gnu11;
				GCC_DYNAMIC_NO_PIC = NO;
				GCC_NO_COMMON_BLOCKS = YES;
				GCC_OPTIMIZATION_LEVEL = 0;
				GCC_PREPROCESSOR_DEFINITIONS = (
					"DEBUG=1",
					"$(inherited)",
				);
				GCC_WARN_64_TO_32_BIT_CONVERSION = YES;
				GCC_WARN_ABOUT_RETURN_TYPE = YES_ERROR;
				GCC_WARN_UNDECLARED_SELECTOR = YES;
				GCC_WARN_UNINITIALIZED_AUTOS = YES_AGGRESSIVE;
				GCC_WARN_UNUSED_FUNCTION = YES;
				GCC_WARN_UNUSED_VARIABLE = YES;
				IPHONEOS_DEPLOYMENT_TARGET = 12.1;
				MTL_ENABLE_DEBUG_INFO = INCLUDE_SOURCE;
				MTL_FAST_MATH = YES;
				ONLY_ACTIVE_ARCH = YES;
				SDKROOT = iphoneos;
				SWIFT_ACTIVE_COMPILATION_CONDITIONS = DEBUG;
				SWIFT_OPTIMIZATION_LEVEL = "-Onone";
			};
			name = Debug;
		};
		EDBAB71222E0702500FE9EDF /* Release */ = {
			isa = XCBuildConfiguration;
			buildSettings = {
				ALWAYS_SEARCH_USER_PATHS = NO;
				CLANG_ANALYZER_NONNULL = YES;
				CLANG_ANALYZER_NUMBER_OBJECT_CONVERSION = YES_AGGRESSIVE;
				CLANG_CXX_LANGUAGE_STANDARD = "gnu++14";
				CLANG_CXX_LIBRARY = "libc++";
				CLANG_ENABLE_MODULES = YES;
				CLANG_ENABLE_OBJC_ARC = YES;
				CLANG_ENABLE_OBJC_WEAK = YES;
				CLANG_WARN_BLOCK_CAPTURE_AUTORELEASING = YES;
				CLANG_WARN_BOOL_CONVERSION = YES;
				CLANG_WARN_COMMA = YES;
				CLANG_WARN_CONSTANT_CONVERSION = YES;
				CLANG_WARN_DEPRECATED_OBJC_IMPLEMENTATIONS = YES;
				CLANG_WARN_DIRECT_OBJC_ISA_USAGE = YES_ERROR;
				CLANG_WARN_DOCUMENTATION_COMMENTS = YES;
				CLANG_WARN_EMPTY_BODY = YES;
				CLANG_WARN_ENUM_CONVERSION = YES;
				CLANG_WARN_INFINITE_RECURSION = YES;
				CLANG_WARN_INT_CONVERSION = YES;
				CLANG_WARN_NON_LITERAL_NULL_CONVERSION = YES;
				CLANG_WARN_OBJC_IMPLICIT_RETAIN_SELF = YES;
				CLANG_WARN_OBJC_LITERAL_CONVERSION = YES;
				CLANG_WARN_OBJC_ROOT_CLASS = YES_ERROR;
				CLANG_WARN_RANGE_LOOP_ANALYSIS = YES;
				CLANG_WARN_STRICT_PROTOTYPES = YES;
				CLANG_WARN_SUSPICIOUS_MOVE = YES;
				CLANG_WARN_UNGUARDED_AVAILABILITY = YES_AGGRESSIVE;
				CLANG_WARN_UNREACHABLE_CODE = YES;
				CLANG_WARN__DUPLICATE_METHOD_MATCH = YES;
				CODE_SIGN_IDENTITY = "iPhone Developer";
				COPY_PHASE_STRIP = NO;
				DEBUG_INFORMATION_FORMAT = "dwarf-with-dsym";
				ENABLE_NS_ASSERTIONS = NO;
				ENABLE_STRICT_OBJC_MSGSEND = YES;
				GCC_C_LANGUAGE_STANDARD = gnu11;
				GCC_NO_COMMON_BLOCKS = YES;
				GCC_WARN_64_TO_32_BIT_CONVERSION = YES;
				GCC_WARN_ABOUT_RETURN_TYPE = YES_ERROR;
				GCC_WARN_UNDECLARED_SELECTOR = YES;
				GCC_WARN_UNINITIALIZED_AUTOS = YES_AGGRESSIVE;
				GCC_WARN_UNUSED_FUNCTION = YES;
				GCC_WARN_UNUSED_VARIABLE = YES;
				IPHONEOS_DEPLOYMENT_TARGET = 12.1;
				MTL_ENABLE_DEBUG_INFO = NO;
				MTL_FAST_MATH = YES;
				SDKROOT = iphoneos;
				SWIFT_COMPILATION_MODE = wholemodule;
				SWIFT_OPTIMIZATION_LEVEL = "-O";
				VALIDATE_PRODUCT = YES;
			};
			name = Release;
		};
		EDBAB71422E0702500FE9EDF /* Debug */ = {
			isa = XCBuildConfiguration;
			buildSettings = {
				ASSETCATALOG_COMPILER_APPICON_NAME = AppIcon;
				CODE_SIGN_STYLE = Automatic;
				DEVELOPMENT_TEAM = PGQ27XQ5YU;
				INFOPLIST_FILE = "SolarSystem (without code)/Info.plist";
				LD_RUNPATH_SEARCH_PATHS = (
					"$(inherited)",
					"@executable_path/Frameworks",
				);
				PRODUCT_BUNDLE_IDENTIFIER = "go.westcostyle.SolarSystem--without-code-";
				PRODUCT_NAME = "$(TARGET_NAME)";
				SWIFT_VERSION = 4.2;
				TARGETED_DEVICE_FAMILY = "1,2";
			};
			name = Debug;
		};
		EDBAB71522E0702500FE9EDF /* Release */ = {
			isa = XCBuildConfiguration;
			buildSettings = {
				ASSETCATALOG_COMPILER_APPICON_NAME = AppIcon;
				CODE_SIGN_STYLE = Automatic;
				DEVELOPMENT_TEAM = PGQ27XQ5YU;
				INFOPLIST_FILE = "SolarSystem (without code)/Info.plist";
				LD_RUNPATH_SEARCH_PATHS = (
					"$(inherited)",
					"@executable_path/Frameworks",
				);
				PRODUCT_BUNDLE_IDENTIFIER = "go.westcostyle.SolarSystem--without-code-";
				PRODUCT_NAME = "$(TARGET_NAME)";
				SWIFT_VERSION = 4.2;
				TARGETED_DEVICE_FAMILY = "1,2";
			};
			name = Release;
		};
/* End XCBuildConfiguration section */

/* Begin XCConfigurationList section */
		EDBAB6FA22E0702200FE9EDF /* Build configuration list for PBXProject "SolarSystem (without code)" */ = {
			isa = XCConfigurationList;
			buildConfigurations = (
				EDBAB71122E0702500FE9EDF /* Debug */,
				EDBAB71222E0702500FE9EDF /* Release */,
			);
			defaultConfigurationIsVisible = 0;
			defaultConfigurationName = Release;
		};
		EDBAB71322E0702500FE9EDF /* Build configuration list for PBXNativeTarget "SolarSystem (without code)" */ = {
			isa = XCConfigurationList;
			buildConfigurations = (
				EDBAB71422E0702500FE9EDF /* Debug */,
				EDBAB71522E0702500FE9EDF /* Release */,
			);
			defaultConfigurationIsVisible = 0;
			defaultConfigurationName = Release;
		};
/* End XCConfigurationList section */
	};
	rootObject = EDBAB6F722E0702200FE9EDF /* Project object */;
}
